
Microsoft Visual Studio Solution File, Format Version 12.00
# Visual Studio 14
VisualStudioVersion = 14.0.24720.0
MinimumVisualStudioVersion = 10.0.40219.1
Project("{FAE04EC0-301F-11D3-BF4B-00C04F79EFBC}") = "DashboardCompanion", "DashboardCompanion\DashboardCompanion.csproj", "{EC1963AC-1B28-42A8-A545-138982ADA3ED}"
EndProject
Project("{FAE04EC0-301F-11D3-BF4B-00C04F79EFBC}") = "DashboardCompanion.Tests", "DashboardCompanion.Tests\DashboardCompanion.Tests.csproj", "{DCB57FB7-4067-4A27-884E-E33D8CBE7321}"
EndProject
Project("{2150E333-8FDC-42A3-9474-1A3956D46DE8}") = "Solution Items", "Solution Items", "{69E0AEFB-0700-4F9B-A137-D4A003AB79A5}"
	ProjectSection(SolutionItems) = preProject
		.gitignore. = .gitignore.
		readme.md = readme.md
	EndProjectSection
EndProject
Global
	GlobalSection(SolutionConfigurationPlatforms) = preSolution
		Debug|Any CPU = Debug|Any CPU
		Release|Any CPU = Release|Any CPU
	EndGlobalSection
	GlobalSection(ProjectConfigurationPlatforms) = postSolution
		{EC1963AC-1B28-42A8-A545-138982ADA3ED}.Debug|Any CPU.ActiveCfg = Debug|Any CPU
		{EC1963AC-1B28-42A8-A545-138982ADA3ED}.Debug|Any CPU.Build.0 = Debug|Any CPU
		{EC1963AC-1B28-42A8-A545-138982ADA3ED}.Release|Any CPU.ActiveCfg = Release|Any CPU
		{EC1963AC-1B28-42A8-A545-138982ADA3ED}.Release|Any CPU.Build.0 = Release|Any CPU
		{DCB57FB7-4067-4A27-884E-E33D8CBE7321}.Debug|Any CPU.ActiveCfg = Debug|Any CPU
		{DCB57FB7-4067-4A27-884E-E33D8CBE7321}.Debug|Any CPU.Build.0 = Debug|Any CPU
		{DCB57FB7-4067-4A27-884E-E33D8CBE7321}.Release|Any CPU.ActiveCfg = Release|Any CPU
		{DCB57FB7-4067-4A27-884E-E33D8CBE7321}.Release|Any CPU.Build.0 = Release|Any CPU
	EndGlobalSection
	GlobalSection(SolutionProperties) = preSolution
		HideSolutionNode = FALSE
	EndGlobalSection
EndGlobal
